// !$*UTF8*$!
{
	archiveVersion = 1;
	classes = {
	};
	objectVersion = 46;
	objects = {

/* Begin PBXBuildFile section */
		5322CB012101848500D288FE /* AppDelegate.swift in Sources */ = {isa = PBXBuildFile; fileRef = 5322CB002101848500D288FE /* AppDelegate.swift */; };
		5322CB032101848500D288FE /* ViewController.swift in Sources */ = {isa = PBXBuildFile; fileRef = 5322CB022101848500D288FE /* ViewController.swift */; };
		5322CB062101848500D288FE /* Main.storyboard in Resources */ = {isa = PBXBuildFile; fileRef = 5322CB042101848500D288FE /* Main.storyboard */; };
		5322CB092101848500D288FE /* HelloWorld.xcdatamodeld in Sources */ = {isa = PBXBuildFile; fileRef = 5322CB072101848500D288FE /* HelloWorld.xcdatamodeld */; };
		5322CB0B2101848500D288FE /* Assets.xcassets in Resources */ = {isa = PBXBuildFile; fileRef = 5322CB0A2101848500D288FE /* Assets.xcassets */; };
		5322CB0E2101848500D288FE /* LaunchScreen.storyboard in Resources */ = {isa = PBXBuildFile; fileRef = 5322CB0C2101848500D288FE /* LaunchScreen.storyboard */; };
		5322CB192101848500D288FE /* HelloWorldTests.swift in Sources */ = {isa = PBXBuildFile; fileRef = 5322CB182101848500D288FE /* HelloWorldTests.swift */; };
		5322CB242101848600D288FE /* HelloWorldUITests.swift in Sources */ = {isa = PBXBuildFile; fileRef = 5322CB232101848600D288FE /* HelloWorldUITests.swift */; };
/* End PBXBuildFile section */

/* Begin PBXContainerItemProxy section */
		5322CB152101848500D288FE /* PBXContainerItemProxy */ = {
			isa = PBXContainerItemProxy;
			containerPortal = 5322CAF52101848500D288FE /* Project object */;
			proxyType = 1;
			remoteGlobalIDString = 5322CAFC2101848500D288FE;
			remoteInfo = HelloWorld;
		};
		5322CB202101848600D288FE /* PBXContainerItemProxy */ = {
			isa = PBXContainerItemProxy;
			containerPortal = 5322CAF52101848500D288FE /* Project object */;
			proxyType = 1;
			remoteGlobalIDString = 5322CAFC2101848500D288FE;
			remoteInfo = HelloWorld;
		};
/* End PBXContainerItemProxy section */

/* Begin PBXFileReference section */
		5322CAFD2101848500D288FE /* HelloWorld.app */ = {isa = PBXFileReference; explicitFileType = wrapper.application; includeInIndex = 0; path = HelloWorld.app; sourceTree = BUILT_PRODUCTS_DIR; };
		5322CB002101848500D288FE /* AppDelegate.swift */ = {isa = PBXFileReference; lastKnownFileType = sourcecode.swift; path = AppDelegate.swift; sourceTree = "<group>"; };
		5322CB022101848500D288FE /* ViewController.swift */ = {isa = PBXFileReference; lastKnownFileType = sourcecode.swift; path = ViewController.swift; sourceTree = "<group>"; };
		5322CB052101848500D288FE /* Base */ = {isa = PBXFileReference; lastKnownFileType = file.storyboard; name = Base; path = Base.lproj/Main.storyboard; sourceTree = "<group>"; };
		5322CB082101848500D288FE /* HelloWorld.xcdatamodel */ = {isa = PBXFileReference; lastKnownFileType = wrapper.xcdatamodel; path = HelloWorld.xcdatamodel; sourceTree = "<group>"; };
		5322CB0A2101848500D288FE /* Assets.xcassets */ = {isa = PBXFileReference; lastKnownFileType = folder.assetcatalog; path = Assets.xcassets; sourceTree = "<group>"; };
		5322CB0D2101848500D288FE /* Base */ = {isa = PBXFileReference; lastKnownFileType = file.storyboard; name = Base; path = Base.lproj/LaunchScreen.storyboard; sourceTree = "<group>"; };
		5322CB0F2101848500D288FE /* Info.plist */ = {isa = PBXFileReference; lastKnownFileType = text.plist.xml; path = Info.plist; sourceTree = "<group>"; };
		5322CB142101848500D288FE /* HelloWorldTests.xctest */ = {isa = PBXFileReference; explicitFileType = wrapper.cfbundle; includeInIndex = 0; path = HelloWorldTests.xctest; sourceTree = BUILT_PRODUCTS_DIR; };
		5322CB182101848500D288FE /* HelloWorldTests.swift */ = {isa = PBXFileReference; lastKnownFileType = sourcecode.swift; path = HelloWorldTests.swift; sourceTree = "<group>"; };
		5322CB1A2101848500D288FE /* Info.plist */ = {isa = PBXFileReference; lastKnownFileType = text.plist.xml; path = Info.plist; sourceTree = "<group>"; };
		5322CB1F2101848600D288FE /* HelloWorldUITests.xctest */ = {isa = PBXFileReference; explicitFileType = wrapper.cfbundle; includeInIndex = 0; path = HelloWorldUITests.xctest; sourceTree = BUILT_PRODUCTS_DIR; };
		5322CB232101848600D288FE /* HelloWorldUITests.swift */ = {isa = PBXFileReference; lastKnownFileType = sourcecode.swift; path = HelloWorldUITests.swift; sourceTree = "<group>"; };
		5322CB252101848600D288FE /* Info.plist */ = {isa = PBXFileReference; lastKnownFileType = text.plist.xml; path = Info.plist; sourceTree = "<group>"; };
/* End PBXFileReference section */

/* Begin PBXFrameworksBuildPhase section */
		5322CAFA2101848500D288FE /* Frameworks */ = {
			isa = PBXFrameworksBuildPhase;
			buildActionMask = 2147483647;
			files = (
			);
			runOnlyForDeploymentPostprocessing = 0;
		};
		5322CB112101848500D288FE /* Frameworks */ = {
			isa = PBXFrameworksBuildPhase;
			buildActionMask = 2147483647;
			files = (
			);
			runOnlyForDeploymentPostprocessing = 0;
		};
		5322CB1C2101848600D288FE /* Frameworks */ = {
			isa = PBXFrameworksBuildPhase;
			buildActionMask = 2147483647;
			files = (
			);
			runOnlyForDeploymentPostprocessing = 0;
		};
/* End PBXFrameworksBuildPhase section */

/* Begin PBXGroup section */
		5322CAF42101848500D288FE = {
			isa = PBXGroup;
			children = (
				5322CAFF2101848500D288FE /* HelloWorld */,
				5322CB172101848500D288FE /* HelloWorldTests */,
				5322CB222101848600D288FE /* HelloWorldUITests */,
				5322CAFE2101848500D288FE /* Products */,
			);
			sourceTree = "<group>";
		};
		5322CAFE2101848500D288FE /* Products */ = {
			isa = PBXGroup;
			children = (
				5322CAFD2101848500D288FE /* HelloWorld.app */,
				5322CB142101848500D288FE /* HelloWorldTests.xctest */,
				5322CB1F2101848600D288FE /* HelloWorldUITests.xctest */,
			);
			name = Products;
			sourceTree = "<group>";
		};
		5322CAFF2101848500D288FE /* HelloWorld */ = {
			isa = PBXGroup;
			children = (
				5322CB002101848500D288FE /* AppDelegate.swift */,
				5322CB022101848500D288FE /* ViewController.swift */,
				5322CB042101848500D288FE /* Main.storyboard */,
				5322CB0A2101848500D288FE /* Assets.xcassets */,
				5322CB0C2101848500D288FE /* LaunchScreen.storyboard */,
				5322CB0F2101848500D288FE /* Info.plist */,
				5322CB072101848500D288FE /* HelloWorld.xcdatamodeld */,
			);
			path = HelloWorld;
			sourceTree = "<group>";
		};
		5322CB172101848500D288FE /* HelloWorldTests */ = {
			isa = PBXGroup;
			children = (
				5322CB182101848500D288FE /* HelloWorldTests.swift */,
				5322CB1A2101848500D288FE /* Info.plist */,
			);
			path = HelloWorldTests;
			sourceTree = "<group>";
		};
		5322CB222101848600D288FE /* HelloWorldUITests */ = {
			isa = PBXGroup;
			children = (
				5322CB232101848600D288FE /* HelloWorldUITests.swift */,
				5322CB252101848600D288FE /* Info.plist */,
			);
			path = HelloWorldUITests;
			sourceTree = "<group>";
		};
/* End PBXGroup section */

/* Begin PBXNativeTarget section */
		5322CAFC2101848500D288FE /* HelloWorld */ = {
			isa = PBXNativeTarget;
			buildConfigurationList = 5322CB282101848600D288FE /* Build configuration list for PBXNativeTarget "HelloWorld" */;
			buildPhases = (
				5322CAF92101848500D288FE /* Sources */,
				5322CAFA2101848500D288FE /* Frameworks */,
				5322CAFB2101848500D288FE /* Resources */,
			);
			buildRules = (
			);
			dependencies = (
			);
			name = HelloWorld;
			productName = HelloWorld;
			productReference = 5322CAFD2101848500D288FE /* HelloWorld.app */;
			productType = "com.apple.product-type.application";
		};
		5322CB132101848500D288FE /* HelloWorldTests */ = {
			isa = PBXNativeTarget;
			buildConfigurationList = 5322CB2B2101848600D288FE /* Build configuration list for PBXNativeTarget "HelloWorldTests" */;
			buildPhases = (
				5322CB102101848500D288FE /* Sources */,
				5322CB112101848500D288FE /* Frameworks */,
				5322CB122101848500D288FE /* Resources */,
			);
			buildRules = (
			);
			dependencies = (
				5322CB162101848500D288FE /* PBXTargetDependency */,
			);
			name = HelloWorldTests;
			productName = HelloWorldTests;
			productReference = 5322CB142101848500D288FE /* HelloWorldTests.xctest */;
			productType = "com.apple.product-type.bundle.unit-test";
		};
		5322CB1E2101848600D288FE /* HelloWorldUITests */ = {
			isa = PBXNativeTarget;
			buildConfigurationList = 5322CB2E2101848600D288FE /* Build configuration list for PBXNativeTarget "HelloWorldUITests" */;
			buildPhases = (
				5322CB1B2101848600D288FE /* Sources */,
				5322CB1C2101848600D288FE /* Frameworks */,
				5322CB1D2101848600D288FE /* Resources */,
			);
			buildRules = (
			);
			dependencies = (
				5322CB212101848600D288FE /* PBXTargetDependency */,
			);
			name = HelloWorldUITests;
			productName = HelloWorldUITests;
			productReference = 5322CB1F2101848600D288FE /* HelloWorldUITests.xctest */;
			productType = "com.apple.product-type.bundle.ui-testing";
		};
/* End PBXNativeTarget section */

/* Begin PBXProject section */
		5322CAF52101848500D288FE /* Project object */ = {
			isa = PBXProject;
			attributes = {
				LastSwiftUpdateCheck = 0830;
				LastUpgradeCheck = 0830;
				ORGANIZATIONNAME = CAUAD12;
				TargetAttributes = {
					5322CAFC2101848500D288FE = {
						CreatedOnToolsVersion = 8.3.2;
						ProvisioningStyle = Automatic;
					};
					5322CB132101848500D288FE = {
						CreatedOnToolsVersion = 8.3.2;
						ProvisioningStyle = Automatic;
						TestTargetID = 5322CAFC2101848500D288FE;
					};
					5322CB1E2101848600D288FE = {
						CreatedOnToolsVersion = 8.3.2;
						ProvisioningStyle = Automatic;
						TestTargetID = 5322CAFC2101848500D288FE;
					};
				};
			};
			buildConfigurationList = 5322CAF82101848500D288FE /* Build configuration list for PBXProject "HelloWorld" */;
			compatibilityVersion = "Xcode 3.2";
			developmentRegion = English;
			hasScannedForEncodings = 0;
			knownRegions = (
				en,
				Base,
			);
			mainGroup = 5322CAF42101848500D288FE;
			productRefGroup = 5322CAFE2101848500D288FE /* Products */;
			projectDirPath = "";
			projectRoot = "";
			targets = (
				5322CAFC2101848500D288FE /* HelloWorld */,
				5322CB132101848500D288FE /* HelloWorldTests */,
				5322CB1E2101848600D288FE /* HelloWorldUITests */,
			);
		};
/* End PBXProject section */

/* Begin PBXResourcesBuildPhase section */
		5322CAFB2101848500D288FE /* Resources */ = {
			isa = PBXResourcesBuildPhase;
			buildActionMask = 2147483647;
			files = (
				5322CB0E2101848500D288FE /* LaunchScreen.storyboard in Resources */,
				5322CB0B2101848500D288FE /* Assets.xcassets in Resources */,
				5322CB062101848500D288FE /* Main.storyboard in Resources */,
			);
			runOnlyForDeploymentPostprocessing = 0;
		};
		5322CB122101848500D288FE /* Resources */ = {
			isa = PBXResourcesBuildPhase;
			buildActionMask = 2147483647;
			files = (
			);
			runOnlyForDeploymentPostprocessing = 0;
		};
		5322CB1D2101848600D288FE /* Resources */ = {
			isa = PBXResourcesBuildPhase;
			buildActionMask = 2147483647;
			files = (
			);
			runOnlyForDeploymentPostprocessing = 0;
		};
/* End PBXResourcesBuildPhase section */

/* Begin PBXSourcesBuildPhase section */
		5322CAF92101848500D288FE /* Sources */ = {
			isa = PBXSourcesBuildPhase;
			buildActionMask = 2147483647;
			files = (
				5322CB092101848500D288FE /* HelloWorld.xcdatamodeld in Sources */,
				5322CB032101848500D288FE /* ViewController.swift in Sources */,
				5322CB012101848500D288FE /* AppDelegate.swift in Sources */,
			);
			runOnlyForDeploymentPostprocessing = 0;
		};
		5322CB102101848500D288FE /* Sources */ = {
			isa = PBXSourcesBuildPhase;
			buildActionMask = 2147483647;
			files = (
				5322CB192101848500D288FE /* HelloWorldTests.swift in Sources */,
			);
			runOnlyForDeploymentPostprocessing = 0;
		};
		5322CB1B2101848600D288FE /* Sources */ = {
			isa = PBXSourcesBuildPhase;
			buildActionMask = 2147483647;
			files = (
				5322CB242101848600D288FE /* HelloWorldUITests.swift in Sources */,
			);
			runOnlyForDeploymentPostprocessing = 0;
		};
/* End PBXSourcesBuildPhase section */

/* Begin PBXTargetDependency section */
		5322CB162101848500D288FE /* PBXTargetDependency */ = {
			isa = PBXTargetDependency;
			target = 5322CAFC2101848500D288FE /* HelloWorld */;
			targetProxy = 5322CB152101848500D288FE /* PBXContainerItemProxy */;
		};
		5322CB212101848600D288FE /* PBXTargetDependency */ = {
			isa = PBXTargetDependency;
			target = 5322CAFC2101848500D288FE /* HelloWorld */;
			targetProxy = 5322CB202101848600D288FE /* PBXContainerItemProxy */;
		};
/* End PBXTargetDependency section */

/* Begin PBXVariantGroup section */
		5322CB042101848500D288FE /* Main.storyboard */ = {
			isa = PBXVariantGroup;
			children = (
				5322CB052101848500D288FE /* Base */,
			);
			name = Main.storyboard;
			sourceTree = "<group>";
		};
		5322CB0C2101848500D288FE /* LaunchScreen.storyboard */ = {
			isa = PBXVariantGroup;
			children = (
				5322CB0D2101848500D288FE /* Base */,
			);
			name = LaunchScreen.storyboard;
			sourceTree = "<group>";
		};
/* End PBXVariantGroup section */

/* Begin XCBuildConfiguration section */
		5322CB262101848600D288FE /* Debug */ = {
			isa = XCBuildConfiguration;
			buildSettings = {
				ALWAYS_SEARCH_USER_PATHS = NO;
				CLANG_ANALYZER_NONNULL = YES;
				CLANG_ANALYZER_NUMBER_OBJECT_CONVERSION = YES_AGGRESSIVE;
				CLANG_CXX_LANGUAGE_STANDARD = "gnu++0x";
				CLANG_CXX_LIBRARY = "libc++";
				CLANG_ENABLE_MODULES = YES;
				CLANG_ENABLE_OBJC_ARC = YES;
				CLANG_WARN_BOOL_CONVERSION = YES;
				CLANG_WARN_CONSTANT_CONVERSION = YES;
				CLANG_WARN_DIRECT_OBJC_ISA_USAGE = YES_ERROR;
				CLANG_WARN_DOCUMENTATION_COMMENTS = YES;
				CLANG_WARN_EMPTY_BODY = YES;
				CLANG_WARN_ENUM_CONVERSION = YES;
				CLANG_WARN_INFINITE_RECURSION = YES;
				CLANG_WARN_INT_CONVERSION = YES;
				CLANG_WARN_OBJC_ROOT_CLASS = YES_ERROR;
				CLANG_WARN_SUSPICIOUS_MOVE = YES;
				CLANG_WARN_UNREACHABLE_CODE = YES;
				CLANG_WARN__DUPLICATE_METHOD_MATCH = YES;
				"CODE_SIGN_IDENTITY[sdk=iphoneos*]" = "iPhone Developer";
				COPY_PHASE_STRIP = NO;
				DEBUG_INFORMATION_FORMAT = dwarf;
				ENABLE_STRICT_OBJC_MSGSEND = YES;
				ENABLE_TESTABILITY = YES;
				GCC_C_LANGUAGE_STANDARD = gnu99;
				GCC_DYNAMIC_NO_PIC = NO;
				GCC_NO_COMMON_BLOCKS = YES;
				GCC_OPTIMIZATION_LEVEL = 0;
				GCC_PREPROCESSOR_DEFINITIONS = (
					"DEBUG=1",
					"$(inherited)",
				);
				GCC_WARN_64_TO_32_BIT_CONVERSION = YES;
				GCC_WARN_ABOUT_RETURN_TYPE = YES_ERROR;
				GCC_WARN_UNDECLARED_SELECTOR = YES;
				GCC_WARN_UNINITIALIZED_AUTOS = YES_AGGRESSIVE;
				GCC_WARN_UNUSED_FUNCTION = YES;
				GCC_WARN_UNUSED_VARIABLE = YES;
				IPHONEOS_DEPLOYMENT_TARGET = 10.3;
				MTL_ENABLE_DEBUG_INFO = YES;
				ONLY_ACTIVE_ARCH = YES;
				SDKROOT = iphoneos;
				SWIFT_ACTIVE_COMPILATION_CONDITIONS = DEBUG;
				SWIFT_OPTIMIZATION_LEVEL = "-Onone";
				TARGETED_DEVICE_FAMILY = "1,2";
			};
			name = Debug;
		};
		5322CB272101848600D288FE /* Release */ = {
			isa = XCBuildConfiguration;
			buildSettings = {
				ALWAYS_SEARCH_USER_PATHS = NO;
				CLANG_ANALYZER_NONNULL = YES;
				CLANG_ANALYZER_NUMBER_OBJECT_CONVERSION = YES_AGGRESSIVE;
				CLANG_CXX_LANGUAGE_STANDARD = "gnu++0x";
				CLANG_CXX_LIBRARY = "libc++";
				CLANG_ENABLE_MODULES = YES;
				CLANG_ENABLE_OBJC_ARC = YES;
				CLANG_WARN_BOOL_CONVERSION = YES;
				CLANG_WARN_CONSTANT_CONVERSION = YES;
				CLANG_WARN_DIRECT_OBJC_ISA_USAGE = YES_ERROR;
				CLANG_WARN_DOCUMENTATION_COMMENTS = YES;
				CLANG_WARN_EMPTY_BODY = YES;
				CLANG_WARN_ENUM_CONVERSION = YES;
				CLANG_WARN_INFINITE_RECURSION = YES;
				CLANG_WARN_INT_CONVERSION = YES;
				CLANG_WARN_OBJC_ROOT_CLASS = YES_ERROR;
				CLANG_WARN_SUSPICIOUS_MOVE = YES;
				CLANG_WARN_UNREACHABLE_CODE = YES;
				CLANG_WARN__DUPLICATE_METHOD_MATCH = YES;
				"CODE_SIGN_IDENTITY[sdk=iphoneos*]" = "iPhone Developer";
				COPY_PHASE_STRIP = NO;
				DEBUG_INFORMATION_FORMAT = "dwarf-with-dsym";
				ENABLE_NS_ASSERTIONS = NO;
				ENABLE_STRICT_OBJC_MSGSEND = YES;
				GCC_C_LANGUAGE_STANDARD = gnu99;
				GCC_NO_COMMON_BLOCKS = YES;
				GCC_WARN_64_TO_32_BIT_CONVERSION = YES;
				GCC_WARN_ABOUT_RETURN_TYPE = YES_ERROR;
				GCC_WARN_UNDECLARED_SELECTOR = YES;
				GCC_WARN_UNINITIALIZED_AUTOS = YES_AGGRESSIVE;
				GCC_WARN_UNUSED_FUNCTION = YES;
				GCC_WARN_UNUSED_VARIABLE = YES;
				IPHONEOS_DEPLOYMENT_TARGET = 10.3;
				MTL_ENABLE_DEBUG_INFO = NO;
				SDKROOT = iphoneos;
				SWIFT_OPTIMIZATION_LEVEL = "-Owholemodule";
				TARGETED_DEVICE_FAMILY = "1,2";
				VALIDATE_PRODUCT = YES;
			};
			name = Release;
		};
		5322CB292101848600D288FE /* Debug */ = {
			isa = XCBuildConfiguration;
			buildSettings = {
				ASSETCATALOG_COMPILER_APPICON_NAME = AppIcon;
				INFOPLIST_FILE = HelloWorld/Info.plist;
				LD_RUNPATH_SEARCH_PATHS = "$(inherited) @executable_path/Frameworks";
				PRODUCT_BUNDLE_IDENTIFIER = CAU.HelloWorld;
				PRODUCT_NAME = "$(TARGET_NAME)";
				SWIFT_VERSION = 3.0;
			};
			name = Debug;
		};
		5322CB2A2101848600D288FE /* Release */ = {
			isa = XCBuildConfiguration;
			buildSettings = {
				ASSETCATALOG_COMPILER_APPICON_NAME = AppIcon;
				INFOPLIST_FILE = HelloWorld/Info.plist;
				LD_RUNPATH_SEARCH_PATHS = "$(inherited) @executable_path/Frameworks";
				PRODUCT_BUNDLE_IDENTIFIER = CAU.HelloWorld;
				PRODUCT_NAME = "$(TARGET_NAME)";
				SWIFT_VERSION = 3.0;
			};
			name = Release;
		};
		5322CB2C2101848600D288FE /* Debug */ = {
			isa = XCBuildConfiguration;
			buildSettings = {
				ALWAYS_EMBED_SWIFT_STANDARD_LIBRARIES = YES;
				BUNDLE_LOADER = "$(TEST_HOST)";
				INFOPLIST_FILE = HelloWorldTests/Info.plist;
				LD_RUNPATH_SEARCH_PATHS = "$(inherited) @executable_path/Frameworks @loader_path/Frameworks";
				PRODUCT_BUNDLE_IDENTIFIER = CAU.HelloWorldTests;
				PRODUCT_NAME = "$(TARGET_NAME)";
				SWIFT_VERSION = 3.0;
				TEST_HOST = "$(BUILT_PRODUCTS_DIR)/HelloWorld.app/HelloWorld";
			};
			name = Debug;
		};
		5322CB2D2101848600D288FE /* Release */ = {
			isa = XCBuildConfiguration;
			buildSettings = {
				ALWAYS_EMBED_SWIFT_STANDARD_LIBRARIES = YES;
				BUNDLE_LOADER = "$(TEST_HOST)";
				INFOPLIST_FILE = HelloWorldTests/Info.plist;
				LD_RUNPATH_SEARCH_PATHS = "$(inherited) @executable_path/Frameworks @loader_path/Frameworks";
				PRODUCT_BUNDLE_IDENTIFIER = CAU.HelloWorldTests;
				PRODUCT_NAME = "$(TARGET_NAME)";
				SWIFT_VERSION = 3.0;
				TEST_HOST = "$(BUILT_PRODUCTS_DIR)/HelloWorld.app/HelloWorld";
			};
			name = Release;
		};
		5322CB2F2101848600D288FE /* Debug */ = {
			isa = XCBuildConfiguration;
			buildSettings = {
				ALWAYS_EMBED_SWIFT_STANDARD_LIBRARIES = YES;
				INFOPLIST_FILE = HelloWorldUITests/Info.plist;
				LD_RUNPATH_SEARCH_PATHS = "$(inherited) @executable_path/Frameworks @loader_path/Frameworks";
				PRODUCT_BUNDLE_IDENTIFIER = CAU.HelloWorldUITests;
				PRODUCT_NAME = "$(TARGET_NAME)";
				SWIFT_VERSION = 3.0;
				TEST_TARGET_NAME = HelloWorld;
			};
			name = Debug;
		};
		5322CB302101848600D288FE /* Release */ = {
			isa = XCBuildConfiguration;
			buildSettings = {
				ALWAYS_EMBED_SWIFT_STANDARD_LIBRARIES = YES;
				INFOPLIST_FILE = HelloWorldUITests/Info.plist;
				LD_RUNPATH_SEARCH_PATHS = "$(inherited) @executable_path/Frameworks @loader_path/Frameworks";
				PRODUCT_BUNDLE_IDENTIFIER = CAU.HelloWorldUITests;
				PRODUCT_NAME = "$(TARGET_NAME)";
				SWIFT_VERSION = 3.0;
				TEST_TARGET_NAME = HelloWorld;
			};
			name = Release;
		};
/* End XCBuildConfiguration section */

/* Begin XCConfigurationList section */
		5322CAF82101848500D288FE /* Build configuration list for PBXProject "HelloWorld" */ = {
			isa = XCConfigurationList;
			buildConfigurations = (
				5322CB262101848600D288FE /* Debug */,
				5322CB272101848600D288FE /* Release */,
			);
			defaultConfigurationIsVisible = 0;
			defaultConfigurationName = Release;
		};
		5322CB282101848600D288FE /* Build configuration list for PBXNativeTarget "HelloWorld" */ = {
			isa = XCConfigurationList;
			buildConfigurations = (
				5322CB292101848600D288FE /* Debug */,
				5322CB2A2101848600D288FE /* Release */,
			);
			defaultConfigurationIsVisible = 0;
		};
		5322CB2B2101848600D288FE /* Build configuration list for PBXNativeTarget "HelloWorldTests" */ = {
			isa = XCConfigurationList;
			buildConfigurations = (
				5322CB2C2101848600D288FE /* Debug */,
				5322CB2D2101848600D288FE /* Release */,
			);
			defaultConfigurationIsVisible = 0;
		};
		5322CB2E2101848600D288FE /* Build configuration list for PBXNativeTarget "HelloWorldUITests" */ = {
			isa = XCConfigurationList;
			buildConfigurations = (
				5322CB2F2101848600D288FE /* Debug */,
				5322CB302101848600D288FE /* Release */,
			);
			defaultConfigurationIsVisible = 0;
		};
/* End XCConfigurationList section */

/* Begin XCVersionGroup section */
		5322CB072101848500D288FE /* HelloWorld.xcdatamodeld */ = {
			isa = XCVersionGroup;
			children = (
				5322CB082101848500D288FE /* HelloWorld.xcdatamodel */,
			);
			currentVersion = 5322CB082101848500D288FE /* HelloWorld.xcdatamodel */;
			path = HelloWorld.xcdatamodeld;
			sourceTree = "<group>";
			versionGroupType = wrapper.xcdatamodel;
		};
/* End XCVersionGroup section */
	};
	rootObject = 5322CAF52101848500D288FE /* Project object */;
}
